
Microsoft Visual Studio Solution File, Format Version 12.00
# Visual Studio Version 16
VisualStudioVersion = 16.0.30413.136
MinimumVisualStudioVersion = 10.0.40219.1
Project("{FAE04EC0-301F-11D3-BF4B-00C04F79EFBC}") = "EventoRegistro", "EventoRegistro\EventoRegistro.csproj", "{6B0AA06B-DC44-43A9-8DDB-928A673DBC54}"
EndProject
Global
	GlobalSection(SolutionConfigurationPlatforms) = preSolution
		Debug|Any CPU = Debug|Any CPU
		Release|Any CPU = Release|Any CPU
	EndGlobalSection
	GlobalSection(ProjectConfigurationPlatforms) = postSolution
		{6B0AA06B-DC44-43A9-8DDB-928A673DBC54}.Debug|Any CPU.ActiveCfg = Debug|Any CPU
		{6B0AA06B-DC44-43A9-8DDB-928A673DBC54}.Debug|Any CPU.Build.0 = Debug|Any CPU
		{6B0AA06B-DC44-43A9-8DDB-928A673DBC54}.Release|Any CPU.ActiveCfg = Release|Any CPU
		{6B0AA06B-DC44-43A9-8DDB-928A673DBC54}.Release|Any CPU.Build.0 = Release|Any CPU
	EndGlobalSection
	GlobalSection(SolutionProperties) = preSolution
		HideSolutionNode = FALSE
	EndGlobalSection
	GlobalSection(ExtensibilityGlobals) = postSolution
		SolutionGuid = {DDE69574-48EA-4952-94BD-0415EDBA4953}
	EndGlobalSection
EndGlobal
